// !$*UTF8*$!
{
	archiveVersion = 1;
	classes = {
	};
	objectVersion = 46;
	objects = {

/* Begin PBXBuildFile section */
		D945F64E153462E400BB3EF7 /* UIKit.framework in Frameworks */ = {isa = PBXBuildFile; fileRef = D945F64D153462E400BB3EF7 /* UIKit.framework */; };
		D945F650153462E400BB3EF7 /* Foundation.framework in Frameworks */ = {isa = PBXBuildFile; fileRef = D945F64F153462E400BB3EF7 /* Foundation.framework */; };
		D945F652153462E400BB3EF7 /* CoreGraphics.framework in Frameworks */ = {isa = PBXBuildFile; fileRef = D945F651153462E400BB3EF7 /* CoreGraphics.framework */; };
		D945F658153462E400BB3EF7 /* InfoPlist.strings in Resources */ = {isa = PBXBuildFile; fileRef = D945F656153462E400BB3EF7 /* InfoPlist.strings */; };
		D945F65A153462E400BB3EF7 /* main.m in Sources */ = {isa = PBXBuildFile; fileRef = D945F659153462E400BB3EF7 /* main.m */; };
		D945F65E153462E400BB3EF7 /* FPAppDelegate.m in Sources */ = {isa = PBXBuildFile; fileRef = D945F65D153462E400BB3EF7 /* FPAppDelegate.m */; };
		D945F661153462E400BB3EF7 /* MainStoryboard_iPhone.storyboard in Resources */ = {isa = PBXBuildFile; fileRef = D945F65F153462E400BB3EF7 /* MainStoryboard_iPhone.storyboard */; };
		D945F67A153462E400BB3EF7 /* SenTestingKit.framework in Frameworks */ = {isa = PBXBuildFile; fileRef = D945F679153462E400BB3EF7 /* SenTestingKit.framework */; };
		D945F67B153462E400BB3EF7 /* UIKit.framework in Frameworks */ = {isa = PBXBuildFile; fileRef = D945F64D153462E400BB3EF7 /* UIKit.framework */; };
		D945F67C153462E400BB3EF7 /* Foundation.framework in Frameworks */ = {isa = PBXBuildFile; fileRef = D945F64F153462E400BB3EF7 /* Foundation.framework */; };
		D945F684153462E400BB3EF7 /* InfoPlist.strings in Resources */ = {isa = PBXBuildFile; fileRef = D945F682153462E400BB3EF7 /* InfoPlist.strings */; };
		D945F687153462E400BB3EF7 /* FlickerPlacesTests.m in Sources */ = {isa = PBXBuildFile; fileRef = D945F686153462E400BB3EF7 /* FlickerPlacesTests.m */; };
		D945F69315348CC000BB3EF7 /* android-home.png in Resources */ = {isa = PBXBuildFile; fileRef = D945F69215348CC000BB3EF7 /* android-home.png */; };
		D945F69815349C8900BB3EF7 /* FlickrFetcher.m in Sources */ = {isa = PBXBuildFile; fileRef = D945F69715349C8900BB3EF7 /* FlickrFetcher.m */; };
		D945F69B1534A43400BB3EF7 /* FPTableViewController.m in Sources */ = {isa = PBXBuildFile; fileRef = D945F69A1534A43400BB3EF7 /* FPTableViewController.m */; };
		D945F69E1534CBC700BB3EF7 /* FPPlaceDetailsViewController.m in Sources */ = {isa = PBXBuildFile; fileRef = D945F69D1534CBC700BB3EF7 /* FPPlaceDetailsViewController.m */; };
		D95C33AB15360CD800A36EDD /* ImageViewController.m in Sources */ = {isa = PBXBuildFile; fileRef = D95C33AA15360CD800A36EDD /* ImageViewController.m */; };
		D95C33AE1536BE1600A36EDD /* FPTestViewController.m in Sources */ = {isa = PBXBuildFile; fileRef = D95C33AD1536BE1600A36EDD /* FPTestViewController.m */; };
		D95C33B71536EEAF00A36EDD /* social-flickr-box-icon.png in Resources */ = {isa = PBXBuildFile; fileRef = D95C33B61536EEAF00A36EDD /* social-flickr-box-icon.png */; };
		D96859DB153CA81000785164 /* Placeholder.png in Resources */ = {isa = PBXBuildFile; fileRef = D96859DA153CA81000785164 /* Placeholder.png */; };
		D96859E1153CAED200785164 /* FPIdentifiableCell.m in Sources */ = {isa = PBXBuildFile; fileRef = D96859E0153CAED200785164 /* FPIdentifiableCell.m */; };
		D96859E9153D761100785164 /* FPCache.m in Sources */ = {isa = PBXBuildFile; fileRef = D96859E8153D761100785164 /* FPCache.m */; };
/* End PBXBuildFile section */

/* Begin PBXContainerItemProxy section */
		D945F67D153462E400BB3EF7 /* PBXContainerItemProxy */ = {
			isa = PBXContainerItemProxy;
			containerPortal = D945F640153462E400BB3EF7 /* Project object */;
			proxyType = 1;
			remoteGlobalIDString = D945F648153462E400BB3EF7;
			remoteInfo = FlickerPlaces;
		};
/* End PBXContainerItemProxy section */

/* Begin PBXFileReference section */
		D945F649153462E400BB3EF7 /* FlickerPlaces.app */ = {isa = PBXFileReference; explicitFileType = wrapper.application; includeInIndex = 0; path = FlickerPlaces.app; sourceTree = BUILT_PRODUCTS_DIR; };
		D945F64D153462E400BB3EF7 /* UIKit.framework */ = {isa = PBXFileReference; lastKnownFileType = wrapper.framework; name = UIKit.framework; path = System/Library/Frameworks/UIKit.framework; sourceTree = SDKROOT; };
		D945F64F153462E400BB3EF7 /* Foundation.framework */ = {isa = PBXFileReference; lastKnownFileType = wrapper.framework; name = Foundation.framework; path = System/Library/Frameworks/Foundation.framework; sourceTree = SDKROOT; };
		D945F651153462E400BB3EF7 /* CoreGraphics.framework */ = {isa = PBXFileReference; lastKnownFileType = wrapper.framework; name = CoreGraphics.framework; path = System/Library/Frameworks/CoreGraphics.framework; sourceTree = SDKROOT; };
		D945F655153462E400BB3EF7 /* FlickerPlaces-Info.plist */ = {isa = PBXFileReference; lastKnownFileType = text.plist.xml; path = "FlickerPlaces-Info.plist"; sourceTree = "<group>"; };
		D945F657153462E400BB3EF7 /* en */ = {isa = PBXFileReference; lastKnownFileType = text.plist.strings; name = en; path = en.lproj/InfoPlist.strings; sourceTree = "<group>"; };
		D945F659153462E400BB3EF7 /* main.m */ = {isa = PBXFileReference; lastKnownFileType = sourcecode.c.objc; path = main.m; sourceTree = "<group>"; };
		D945F65B153462E400BB3EF7 /* FlickerPlaces-Prefix.pch */ = {isa = PBXFileReference; lastKnownFileType = sourcecode.c.h; path = "FlickerPlaces-Prefix.pch"; sourceTree = "<group>"; };
		D945F65C153462E400BB3EF7 /* FPAppDelegate.h */ = {isa = PBXFileReference; lastKnownFileType = sourcecode.c.h; path = FPAppDelegate.h; sourceTree = "<group>"; };
		D945F65D153462E400BB3EF7 /* FPAppDelegate.m */ = {isa = PBXFileReference; lastKnownFileType = sourcecode.c.objc; path = FPAppDelegate.m; sourceTree = "<group>"; };
		D945F660153462E400BB3EF7 /* en */ = {isa = PBXFileReference; lastKnownFileType = file.storyboard; name = en; path = en.lproj/MainStoryboard_iPhone.storyboard; sourceTree = "<group>"; };
		D945F678153462E400BB3EF7 /* FlickerPlacesTests.octest */ = {isa = PBXFileReference; explicitFileType = wrapper.cfbundle; includeInIndex = 0; path = FlickerPlacesTests.octest; sourceTree = BUILT_PRODUCTS_DIR; };
		D945F679153462E400BB3EF7 /* SenTestingKit.framework */ = {isa = PBXFileReference; lastKnownFileType = wrapper.framework; name = SenTestingKit.framework; path = Library/Frameworks/SenTestingKit.framework; sourceTree = DEVELOPER_DIR; };
		D945F681153462E400BB3EF7 /* FlickerPlacesTests-Info.plist */ = {isa = PBXFileReference; lastKnownFileType = text.plist.xml; path = "FlickerPlacesTests-Info.plist"; sourceTree = "<group>"; };
		D945F683153462E400BB3EF7 /* en */ = {isa = PBXFileReference; lastKnownFileType = text.plist.strings; name = en; path = en.lproj/InfoPlist.strings; sourceTree = "<group>"; };
		D945F685153462E400BB3EF7 /* FlickerPlacesTests.h */ = {isa = PBXFileReference; lastKnownFileType = sourcecode.c.h; path = FlickerPlacesTests.h; sourceTree = "<group>"; };
		D945F686153462E400BB3EF7 /* FlickerPlacesTests.m */ = {isa = PBXFileReference; lastKnownFileType = sourcecode.c.objc; path = FlickerPlacesTests.m; sourceTree = "<group>"; };
		D945F69215348CC000BB3EF7 /* android-home.png */ = {isa = PBXFileReference; lastKnownFileType = image.png; name = "android-home.png"; path = "../android-home.png"; sourceTree = "<group>"; };
		D945F69515349C8900BB3EF7 /* FlickrAPIKey.h */ = {isa = PBXFileReference; fileEncoding = 4; lastKnownFileType = sourcecode.c.h; path = FlickrAPIKey.h; sourceTree = "<group>"; };
		D945F69615349C8900BB3EF7 /* FlickrFetcher.h */ = {isa = PBXFileReference; fileEncoding = 4; lastKnownFileType = sourcecode.c.h; path = FlickrFetcher.h; sourceTree = "<group>"; };
		D945F69715349C8900BB3EF7 /* FlickrFetcher.m */ = {isa = PBXFileReference; fileEncoding = 4; lastKnownFileType = sourcecode.c.objc; path = FlickrFetcher.m; sourceTree = "<group>"; };
		D945F6991534A43400BB3EF7 /* FPTableViewController.h */ = {isa = PBXFileReference; fileEncoding = 4; lastKnownFileType = sourcecode.c.h; path = FPTableViewController.h; sourceTree = "<group>"; };
		D945F69A1534A43400BB3EF7 /* FPTableViewController.m */ = {isa = PBXFileReference; fileEncoding = 4; lastKnownFileType = sourcecode.c.objc; path = FPTableViewController.m; sourceTree = "<group>"; };
		D945F69C1534CBC700BB3EF7 /* FPPlaceDetailsViewController.h */ = {isa = PBXFileReference; fileEncoding = 4; lastKnownFileType = sourcecode.c.h; path = FPPlaceDetailsViewController.h; sourceTree = "<group>"; };
		D945F69D1534CBC700BB3EF7 /* FPPlaceDetailsViewController.m */ = {isa = PBXFileReference; fileEncoding = 4; lastKnownFileType = sourcecode.c.objc; path = FPPlaceDetailsViewController.m; sourceTree = "<group>"; };
		D95C33A915360CD800A36EDD /* ImageViewController.h */ = {isa = PBXFileReference; fileEncoding = 4; lastKnownFileType = sourcecode.c.h; path = ImageViewController.h; sourceTree = "<group>"; };
		D95C33AA15360CD800A36EDD /* ImageViewController.m */ = {isa = PBXFileReference; fileEncoding = 4; lastKnownFileType = sourcecode.c.objc; path = ImageViewController.m; sourceTree = "<group>"; };
		D95C33AC1536BE1600A36EDD /* FPTestViewController.h */ = {isa = PBXFileReference; fileEncoding = 4; lastKnownFileType = sourcecode.c.h; path = FPTestViewController.h; sourceTree = "<group>"; };
		D95C33AD1536BE1600A36EDD /* FPTestViewController.m */ = {isa = PBXFileReference; fileEncoding = 4; lastKnownFileType = sourcecode.c.objc; path = FPTestViewController.m; sourceTree = "<group>"; };
		D95C33B61536EEAF00A36EDD /* social-flickr-box-icon.png */ = {isa = PBXFileReference; lastKnownFileType = image.png; name = "social-flickr-box-icon.png"; path = "../social-flickr-box-icon.png"; sourceTree = "<group>"; };
		D96859DA153CA81000785164 /* Placeholder.png */ = {isa = PBXFileReference; lastKnownFileType = image.png; path = Placeholder.png; sourceTree = "<group>"; };
		D96859DF153CAED200785164 /* FPIdentifiableCell.h */ = {isa = PBXFileReference; fileEncoding = 4; lastKnownFileType = sourcecode.c.h; path = FPIdentifiableCell.h; sourceTree = "<group>"; };
		D96859E0153CAED200785164 /* FPIdentifiableCell.m */ = {isa = PBXFileReference; fileEncoding = 4; lastKnownFileType = sourcecode.c.objc; path = FPIdentifiableCell.m; sourceTree = "<group>"; };
		D96859E7153D761100785164 /* FPCache.h */ = {isa = PBXFileReference; fileEncoding = 4; lastKnownFileType = sourcecode.c.h; path = FPCache.h; sourceTree = "<group>"; };
		D96859E8153D761100785164 /* FPCache.m */ = {isa = PBXFileReference; fileEncoding = 4; lastKnownFileType = sourcecode.c.objc; path = FPCache.m; sourceTree = "<group>"; };
		D96859EA153F310500785164 /* CachedDataDelegate.h */ = {isa = PBXFileReference; lastKnownFileType = sourcecode.c.h; path = CachedDataDelegate.h; sourceTree = SOURCE_ROOT; };
/* End PBXFileReference section */

/* Begin PBXFrameworksBuildPhase section */
		D945F646153462E400BB3EF7 /* Frameworks */ = {
			isa = PBXFrameworksBuildPhase;
			buildActionMask = 2147483647;
			files = (
				D945F64E153462E400BB3EF7 /* UIKit.framework in Frameworks */,
				D945F650153462E400BB3EF7 /* Foundation.framework in Frameworks */,
				D945F652153462E400BB3EF7 /* CoreGraphics.framework in Frameworks */,
			);
			runOnlyForDeploymentPostprocessing = 0;
		};
		D945F674153462E400BB3EF7 /* Frameworks */ = {
			isa = PBXFrameworksBuildPhase;
			buildActionMask = 2147483647;
			files = (
				D945F67A153462E400BB3EF7 /* SenTestingKit.framework in Frameworks */,
				D945F67B153462E400BB3EF7 /* UIKit.framework in Frameworks */,
				D945F67C153462E400BB3EF7 /* Foundation.framework in Frameworks */,
			);
			runOnlyForDeploymentPostprocessing = 0;
		};
/* End PBXFrameworksBuildPhase section */

/* Begin PBXGroup section */
		D945F63E153462E400BB3EF7 = {
			isa = PBXGroup;
			children = (
				D95C33AC1536BE1600A36EDD /* FPTestViewController.h */,
				D95C33AD1536BE1600A36EDD /* FPTestViewController.m */,
				D945F653153462E400BB3EF7 /* FlickerPlaces */,
				D945F69415349C8900BB3EF7 /* FlickrFetcher */,
				D945F67F153462E400BB3EF7 /* FlickerPlacesTests */,
				D945F64C153462E400BB3EF7 /* Frameworks */,
				D945F64A153462E400BB3EF7 /* Products */,
			);
			sourceTree = "<group>";
		};
		D945F64A153462E400BB3EF7 /* Products */ = {
			isa = PBXGroup;
			children = (
				D945F649153462E400BB3EF7 /* FlickerPlaces.app */,
				D945F678153462E400BB3EF7 /* FlickerPlacesTests.octest */,
			);
			name = Products;
			sourceTree = "<group>";
		};
		D945F64C153462E400BB3EF7 /* Frameworks */ = {
			isa = PBXGroup;
			children = (
				D945F64D153462E400BB3EF7 /* UIKit.framework */,
				D945F64F153462E400BB3EF7 /* Foundation.framework */,
				D945F651153462E400BB3EF7 /* CoreGraphics.framework */,
				D945F679153462E400BB3EF7 /* SenTestingKit.framework */,
			);
			name = Frameworks;
			sourceTree = "<group>";
		};
		D945F653153462E400BB3EF7 /* FlickerPlaces */ = {
			isa = PBXGroup;
			children = (
				D96859E7153D761100785164 /* FPCache.h */,
				D96859E8153D761100785164 /* FPCache.m */,
				D96859DF153CAED200785164 /* FPIdentifiableCell.h */,
				D96859E0153CAED200785164 /* FPIdentifiableCell.m */,
				D945F65F153462E400BB3EF7 /* MainStoryboard_iPhone.storyboard */,
				D95C33A915360CD800A36EDD /* ImageViewController.h */,
				D95C33AA15360CD800A36EDD /* ImageViewController.m */,
				D96859EA153F310500785164 /* CachedDataDelegate.h */,
				D945F69C1534CBC700BB3EF7 /* FPPlaceDetailsViewController.h */,
				D945F69D1534CBC700BB3EF7 /* FPPlaceDetailsViewController.m */,
				D945F6991534A43400BB3EF7 /* FPTableViewController.h */,
				D945F69A1534A43400BB3EF7 /* FPTableViewController.m */,
				D945F654153462E400BB3EF7 /* Supporting Files */,
			);
			path = FlickerPlaces;
			sourceTree = "<group>";
		};
		D945F654153462E400BB3EF7 /* Supporting Files */ = {
			isa = PBXGroup;
			children = (
				D96859DA153CA81000785164 /* Placeholder.png */,
				D95C33B61536EEAF00A36EDD /* social-flickr-box-icon.png */,
				D945F69215348CC000BB3EF7 /* android-home.png */,
				D945F65C153462E400BB3EF7 /* FPAppDelegate.h */,
				D945F65D153462E400BB3EF7 /* FPAppDelegate.m */,
				D945F655153462E400BB3EF7 /* FlickerPlaces-Info.plist */,
				D945F656153462E400BB3EF7 /* InfoPlist.strings */,
				D945F659153462E400BB3EF7 /* main.m */,
				D945F65B153462E400BB3EF7 /* FlickerPlaces-Prefix.pch */,
			);
			name = "Supporting Files";
			sourceTree = "<group>";
		};
		D945F67F153462E400BB3EF7 /* FlickerPlacesTests */ = {
			isa = PBXGroup;
			children = (
				D945F685153462E400BB3EF7 /* FlickerPlacesTests.h */,
				D945F686153462E400BB3EF7 /* FlickerPlacesTests.m */,
				D945F680153462E400BB3EF7 /* Supporting Files */,
			);
			path = FlickerPlacesTests;
			sourceTree = "<group>";
		};
		D945F680153462E400BB3EF7 /* Supporting Files */ = {
			isa = PBXGroup;
			children = (
				D945F681153462E400BB3EF7 /* FlickerPlacesTests-Info.plist */,
				D945F682153462E400BB3EF7 /* InfoPlist.strings */,
			);
			name = "Supporting Files";
			sourceTree = "<group>";
		};
		D945F69415349C8900BB3EF7 /* FlickrFetcher */ = {
			isa = PBXGroup;
			children = (
				D945F69515349C8900BB3EF7 /* FlickrAPIKey.h */,
				D945F69615349C8900BB3EF7 /* FlickrFetcher.h */,
				D945F69715349C8900BB3EF7 /* FlickrFetcher.m */,
			);
			path = FlickrFetcher;
			sourceTree = "<group>";
		};
/* End PBXGroup section */

/* Begin PBXNativeTarget section */
		D945F648153462E400BB3EF7 /* FlickerPlaces */ = {
			isa = PBXNativeTarget;
			buildConfigurationList = D945F68A153462E400BB3EF7 /* Build configuration list for PBXNativeTarget "FlickerPlaces" */;
			buildPhases = (
				D945F645153462E400BB3EF7 /* Sources */,
				D945F646153462E400BB3EF7 /* Frameworks */,
				D945F647153462E400BB3EF7 /* Resources */,
			);
			buildRules = (
			);
			dependencies = (
			);
			name = FlickerPlaces;
			productName = FlickerPlaces;
			productReference = D945F649153462E400BB3EF7 /* FlickerPlaces.app */;
			productType = "com.apple.product-type.application";
		};
		D945F677153462E400BB3EF7 /* FlickerPlacesTests */ = {
			isa = PBXNativeTarget;
			buildConfigurationList = D945F68D153462E400BB3EF7 /* Build configuration list for PBXNativeTarget "FlickerPlacesTests" */;
			buildPhases = (
				D945F673153462E400BB3EF7 /* Sources */,
				D945F674153462E400BB3EF7 /* Frameworks */,
				D945F675153462E400BB3EF7 /* Resources */,
				D945F676153462E400BB3EF7 /* ShellScript */,
			);
			buildRules = (
			);
			dependencies = (
				D945F67E153462E400BB3EF7 /* PBXTargetDependency */,
			);
			name = FlickerPlacesTests;
			productName = FlickerPlacesTests;
			productReference = D945F678153462E400BB3EF7 /* FlickerPlacesTests.octest */;
			productType = "com.apple.product-type.bundle";
		};
/* End PBXNativeTarget section */

/* Begin PBXProject section */
		D945F640153462E400BB3EF7 /* Project object */ = {
			isa = PBXProject;
			attributes = {
				CLASSPREFIX = FP;
				LastUpgradeCheck = 0430;
			};
			buildConfigurationList = D945F643153462E400BB3EF7 /* Build configuration list for PBXProject "FlickerPlaces" */;
			compatibilityVersion = "Xcode 3.2";
			developmentRegion = English;
			hasScannedForEncodings = 0;
			knownRegions = (
				en,
			);
			mainGroup = D945F63E153462E400BB3EF7;
			productRefGroup = D945F64A153462E400BB3EF7 /* Products */;
			projectDirPath = "";
			projectRoot = "";
			targets = (
				D945F648153462E400BB3EF7 /* FlickerPlaces */,
				D945F677153462E400BB3EF7 /* FlickerPlacesTests */,
			);
		};
/* End PBXProject section */

/* Begin PBXResourcesBuildPhase section */
		D945F647153462E400BB3EF7 /* Resources */ = {
			isa = PBXResourcesBuildPhase;
			buildActionMask = 2147483647;
			files = (
				D945F658153462E400BB3EF7 /* InfoPlist.strings in Resources */,
				D945F661153462E400BB3EF7 /* MainStoryboard_iPhone.storyboard in Resources */,
				D945F69315348CC000BB3EF7 /* android-home.png in Resources */,
				D95C33B71536EEAF00A36EDD /* social-flickr-box-icon.png in Resources */,
				D96859DB153CA81000785164 /* Placeholder.png in Resources */,
			);
			runOnlyForDeploymentPostprocessing = 0;
		};
		D945F675153462E400BB3EF7 /* Resources */ = {
			isa = PBXResourcesBuildPhase;
			buildActionMask = 2147483647;
			files = (
				D945F684153462E400BB3EF7 /* InfoPlist.strings in Resources */,
			);
			runOnlyForDeploymentPostprocessing = 0;
		};
/* End PBXResourcesBuildPhase section */

/* Begin PBXShellScriptBuildPhase section */
		D945F676153462E400BB3EF7 /* ShellScript */ = {
			isa = PBXShellScriptBuildPhase;
			buildActionMask = 2147483647;
			files = (
			);
			inputPaths = (
			);
			outputPaths = (
			);
			runOnlyForDeploymentPostprocessing = 0;
			shellPath = /bin/sh;
			shellScript = "# Run the unit tests in this test bundle.\n\"${SYSTEM_DEVELOPER_DIR}/Tools/RunUnitTests\"\n";
		};
/* End PBXShellScriptBuildPhase section */

/* Begin PBXSourcesBuildPhase section */
		D945F645153462E400BB3EF7 /* Sources */ = {
			isa = PBXSourcesBuildPhase;
			buildActionMask = 2147483647;
			files = (
				D945F65A153462E400BB3EF7 /* main.m in Sources */,
				D945F65E153462E400BB3EF7 /* FPAppDelegate.m in Sources */,
				D945F69815349C8900BB3EF7 /* FlickrFetcher.m in Sources */,
				D945F69E1534CBC700BB3EF7 /* FPPlaceDetailsViewController.m in Sources */,
				D95C33AB15360CD800A36EDD /* ImageViewController.m in Sources */,
				D945F69B1534A43400BB3EF7 /* FPTableViewController.m in Sources */,
				D95C33AE1536BE1600A36EDD /* FPTestViewController.m in Sources */,
				D96859E1153CAED200785164 /* FPIdentifiableCell.m in Sources */,
				D96859E9153D761100785164 /* FPCache.m in Sources */,
			);
			runOnlyForDeploymentPostprocessing = 0;
		};
		D945F673153462E400BB3EF7 /* Sources */ = {
			isa = PBXSourcesBuildPhase;
			buildActionMask = 2147483647;
			files = (
				D945F687153462E400BB3EF7 /* FlickerPlacesTests.m in Sources */,
			);
			runOnlyForDeploymentPostprocessing = 0;
		};
/* End PBXSourcesBuildPhase section */

/* Begin PBXTargetDependency section */
		D945F67E153462E400BB3EF7 /* PBXTargetDependency */ = {
			isa = PBXTargetDependency;
			target = D945F648153462E400BB3EF7 /* FlickerPlaces */;
			targetProxy = D945F67D153462E400BB3EF7 /* PBXContainerItemProxy */;
		};
/* End PBXTargetDependency section */

/* Begin PBXVariantGroup section */
		D945F656153462E400BB3EF7 /* InfoPlist.strings */ = {
			isa = PBXVariantGroup;
			children = (
				D945F657153462E400BB3EF7 /* en */,
			);
			name = InfoPlist.strings;
			sourceTree = "<group>";
		};
		D945F65F153462E400BB3EF7 /* MainStoryboard_iPhone.storyboard */ = {
			isa = PBXVariantGroup;
			children = (
				D945F660153462E400BB3EF7 /* en */,
			);
			name = MainStoryboard_iPhone.storyboard;
			sourceTree = "<group>";
		};
		D945F682153462E400BB3EF7 /* InfoPlist.strings */ = {
			isa = PBXVariantGroup;
			children = (
				D945F683153462E400BB3EF7 /* en */,
			);
			name = InfoPlist.strings;
			sourceTree = "<group>";
		};
/* End PBXVariantGroup section */

/* Begin XCBuildConfiguration section */
		D945F688153462E400BB3EF7 /* Debug */ = {
			isa = XCBuildConfiguration;
			buildSettings = {
				ALWAYS_SEARCH_USER_PATHS = NO;
				ARCHS = "$(ARCHS_STANDARD_32_BIT)";
				CLANG_ENABLE_OBJC_ARC = YES;
				"CODE_SIGN_IDENTITY[sdk=iphoneos*]" = "iPhone Developer";
				COPY_PHASE_STRIP = NO;
				GCC_C_LANGUAGE_STANDARD = gnu99;
				GCC_DYNAMIC_NO_PIC = NO;
				GCC_OPTIMIZATION_LEVEL = 0;
				GCC_PREPROCESSOR_DEFINITIONS = (
					"DEBUG=1",
					"$(inherited)",
				);
				GCC_SYMBOLS_PRIVATE_EXTERN = NO;
				GCC_VERSION = com.apple.compilers.llvm.clang.1_0;
				GCC_WARN_ABOUT_RETURN_TYPE = YES;
				GCC_WARN_UNINITIALIZED_AUTOS = YES;
				GCC_WARN_UNUSED_VARIABLE = YES;
				IPHONEOS_DEPLOYMENT_TARGET = 5.1;
				SDKROOT = iphoneos;
				TARGETED_DEVICE_FAMILY = "1,2";
			};
			name = Debug;
		};
		D945F689153462E400BB3EF7 /* Release */ = {
			isa = XCBuildConfiguration;
			buildSettings = {
				ALWAYS_SEARCH_USER_PATHS = NO;
				ARCHS = "$(ARCHS_STANDARD_32_BIT)";
				CLANG_ENABLE_OBJC_ARC = YES;
				"CODE_SIGN_IDENTITY[sdk=iphoneos*]" = "iPhone Developer";
				COPY_PHASE_STRIP = YES;
				GCC_C_LANGUAGE_STANDARD = gnu99;
				GCC_VERSION = com.apple.compilers.llvm.clang.1_0;
				GCC_WARN_ABOUT_RETURN_TYPE = YES;
				GCC_WARN_UNINITIALIZED_AUTOS = YES;
				GCC_WARN_UNUSED_VARIABLE = YES;
				IPHONEOS_DEPLOYMENT_TARGET = 5.1;
				OTHER_CFLAGS = "-DNS_BLOCK_ASSERTIONS=1";
				SDKROOT = iphoneos;
				TARGETED_DEVICE_FAMILY = "1,2";
				VALIDATE_PRODUCT = YES;
			};
			name = Release;
		};
		D945F68B153462E400BB3EF7 /* Debug */ = {
			isa = XCBuildConfiguration;
			buildSettings = {
				GCC_PRECOMPILE_PREFIX_HEADER = YES;
				GCC_PREFIX_HEADER = "FlickerPlaces/FlickerPlaces-Prefix.pch";
				INFOPLIST_FILE = "FlickerPlaces/FlickerPlaces-Info.plist";
				PRODUCT_NAME = "$(TARGET_NAME)";
				TARGETED_DEVICE_FAMILY = 1;
				WRAPPER_EXTENSION = app;
			};
			name = Debug;
		};
		D945F68C153462E400BB3EF7 /* Release */ = {
			isa = XCBuildConfiguration;
			buildSettings = {
				GCC_PRECOMPILE_PREFIX_HEADER = YES;
				GCC_PREFIX_HEADER = "FlickerPlaces/FlickerPlaces-Prefix.pch";
				INFOPLIST_FILE = "FlickerPlaces/FlickerPlaces-Info.plist";
				PRODUCT_NAME = "$(TARGET_NAME)";
				TARGETED_DEVICE_FAMILY = 1;
				WRAPPER_EXTENSION = app;
			};
			name = Release;
		};
		D945F68E153462E400BB3EF7 /* Debug */ = {
			isa = XCBuildConfiguration;
			buildSettings = {
				BUNDLE_LOADER = "$(BUILT_PRODUCTS_DIR)/FlickerPlaces.app/FlickerPlaces";
				FRAMEWORK_SEARCH_PATHS = (
					"$(SDKROOT)/Developer/Library/Frameworks",
					"$(DEVELOPER_LIBRARY_DIR)/Frameworks",
				);
				GCC_PRECOMPILE_PREFIX_HEADER = YES;
				GCC_PREFIX_HEADER = "FlickerPlaces/FlickerPlaces-Prefix.pch";
				INFOPLIST_FILE = "FlickerPlacesTests/FlickerPlacesTests-Info.plist";
				PRODUCT_NAME = "$(TARGET_NAME)";
				TEST_HOST = "$(BUNDLE_LOADER)";
				WRAPPER_EXTENSION = octest;
			};
			name = Debug;
		};
		D945F68F153462E400BB3EF7 /* Release */ = {
			isa = XCBuildConfiguration;
			buildSettings = {
				BUNDLE_LOADER = "$(BUILT_PRODUCTS_DIR)/FlickerPlaces.app/FlickerPlaces";
				FRAMEWORK_SEARCH_PATHS = (
					"$(SDKROOT)/Developer/Library/Frameworks",
					"$(DEVELOPER_LIBRARY_DIR)/Frameworks",
				);
				GCC_PRECOMPILE_PREFIX_HEADER = YES;
				GCC_PREFIX_HEADER = "FlickerPlaces/FlickerPlaces-Prefix.pch";
				INFOPLIST_FILE = "FlickerPlacesTests/FlickerPlacesTests-Info.plist";
				PRODUCT_NAME = "$(TARGET_NAME)";
				TEST_HOST = "$(BUNDLE_LOADER)";
				WRAPPER_EXTENSION = octest;
			};
			name = Release;
		};
/* End XCBuildConfiguration section */

/* Begin XCConfigurationList section */
		D945F643153462E400BB3EF7 /* Build configuration list for PBXProject "FlickerPlaces" */ = {
			isa = XCConfigurationList;
			buildConfigurations = (
				D945F688153462E400BB3EF7 /* Debug */,
				D945F689153462E400BB3EF7 /* Release */,
			);
			defaultConfigurationIsVisible = 0;
			defaultConfigurationName = Release;
		};
		D945F68A153462E400BB3EF7 /* Build configuration list for PBXNativeTarget "FlickerPlaces" */ = {
			isa = XCConfigurationList;
			buildConfigurations = (
				D945F68B153462E400BB3EF7 /* Debug */,
				D945F68C153462E400BB3EF7 /* Release */,
			);
			defaultConfigurationIsVisible = 0;
			defaultConfigurationName = Release;
		};
		D945F68D153462E400BB3EF7 /* Build configuration list for PBXNativeTarget "FlickerPlacesTests" */ = {
			isa = XCConfigurationList;
			buildConfigurations = (
				D945F68E153462E400BB3EF7 /* Debug */,
				D945F68F153462E400BB3EF7 /* Release */,
			);
			defaultConfigurationIsVisible = 0;
			defaultConfigurationName = Release;
		};
/* End XCConfigurationList section */
	};
	rootObject = D945F640153462E400BB3EF7 /* Project object */;
}
